
Microsoft Visual Studio Solution File, Format Version 12.00
# Visual Studio Version 17
VisualStudioVersion = 17.4.33103.184
MinimumVisualStudioVersion = 10.0.40219.1
Project("{FAE04EC0-301F-11D3-BF4B-00C04F79EFBC}") = "ShapeBatchDemo", "ShapeBatchDemo.csproj", "{1A5854FF-09F3-4437-ACBA-9C8FEDCF77AA}"
EndProject
Global
	GlobalSection(SolutionConfigurationPlatforms) = preSolution
		Debug|Any CPU = Debug|Any CPU
		Release|Any CPU = Release|Any CPU
	EndGlobalSection
	GlobalSection(ProjectConfigurationPlatforms) = postSolution
		{1A5854FF-09F3-4437-ACBA-9C8FEDCF77AA}.Debug|Any CPU.ActiveCfg = Debug|Any CPU
		{1A5854FF-09F3-4437-ACBA-9C8FEDCF77AA}.Debug|Any CPU.Build.0 = Debug|Any CPU
		{1A5854FF-09F3-4437-ACBA-9C8FEDCF77AA}.Release|Any CPU.ActiveCfg = Release|Any CPU
		{1A5854FF-09F3-4437-ACBA-9C8FEDCF77AA}.Release|Any CPU.Build.0 = Release|Any CPU
	EndGlobalSection
	GlobalSection(SolutionProperties) = preSolution
		HideSolutionNode = FALSE
	EndGlobalSection
	GlobalSection(ExtensibilityGlobals) = postSolution
		SolutionGuid = {FEC86FBA-B6E8-49D2-9E39-7C377BE54C4B}
	EndGlobalSection
EndGlobal
